---
lockfileVersion: 1
lockfileVendor: redhat
arches:
- arch: aarch64
  packages:
  - url: http://mirror.rit.edu/pub/fedora/fedora/linux/releases/42/Everything/aarch64/os/Packages/f/freetype-2.13.3-2.fc42.aarch64.rpm
    repoid: fedora
    size: 412777
    checksum: sha256:874a70b37f7bcfc0bfea85bc5e628d9364b0126216bbd561a8a22548d6e97663
    name: freetype
    evr: 2.13.3-2.fc42
    sourcerpm: freetype-2.13.3-2.fc42.src.rpm
  - url: http://mirror.rit.edu/pub/fedora/fedora/linux/releases/42/Everything/aarch64/os/Packages/g/graphite2-1.3.14-18.fc42.aarch64.rpm
    repoid: fedora
    size: 93964
    checksum: sha256:ec6bbef24e4030e44328db69906af8b0f1d931ea1d828b51df6adf49ad0abdf6
    name: graphite2
    evr: 1.3.14-18.fc42
    sourcerpm: graphite2-1.3.14-18.fc42.src.rpm
  - url: http://mirror.rit.edu/pub/fedora/fedora/linux/releases/42/Everything/aarch64/os/Packages/h/harfbuzz-10.4.0-1.fc42.aarch64.rpm
    repoid: fedora
    size: 1070748
    checksum: sha256:6222650fced511a0b34c0a99f9e565529cf78ee5bcfcc71c6672e8a35976a017
    name: harfbuzz
    evr: 10.4.0-1.fc42
    sourcerpm: harfbuzz-10.4.0-1.fc42.src.rpm
  - url: http://mirror.rit.edu/pub/fedora/fedora/linux/releases/42/Everything/aarch64/os/Packages/l/libICE-1.1.2-2.fc42.aarch64.rpm
    repoid: fedora
    size: 79041
    checksum: sha256:0291a2af5c5f819b7e47a2fee3e5dd8a97dfd74d5ad4037b80534d064ffc6e62
    name: libICE
    evr: 1.1.2-2.fc42
    sourcerpm: libICE-1.1.2-2.fc42.src.rpm
  - url: http://mirror.rit.edu/pub/fedora/fedora/linux/releases/42/Everything/aarch64/os/Packages/l/libSM-1.2.5-2.fc42.aarch64.rpm
    repoid: fedora
    size: 45502
    checksum: sha256:a63c651417aceac52a527906396b8f060f596d9378fbaa4865c11bb83585a568
    name: libSM
    evr: 1.2.5-2.fc42
    sourcerpm: libSM-1.2.5-2.fc42.src.rpm
  - url: http://mirror.rit.edu/pub/fedora/fedora/linux/releases/42/Everything/aarch64/os/Packages/l/libXau-1.0.12-2.fc42.aarch64.rpm
    repoid: fedora
    size: 34606
    checksum: sha256:1072576c67ec69b07042b8f03beed53bf7b9490ef602e224e519864b43541741
    name: libXau
    evr: 1.0.12-2.fc42
    sourcerpm: libXau-1.0.12-2.fc42.src.rpm
  - url: http://mirror.rit.edu/pub/fedora/fedora/linux/releases/42/Everything/aarch64/os/Packages/l/libXaw-1.0.16-3.fc42.aarch64.rpm
    repoid: fedora
    size: 203624
    checksum: sha256:b0c831a317bca30bbf5d59cc6bd45097fe42399bebcc31af0f28d07b3d6136ba
    name: libXaw
    evr: 1.0.16-3.fc42
    sourcerpm: libXaw-1.0.16-3.fc42.src.rpm
  - url: http://mirror.rit.edu/pub/fedora/fedora/linux/releases/42/Everything/aarch64/os/Packages/l/libXext-1.3.6-3.fc42.aarch64.rpm
    repoid: fedora
    size: 39322
    checksum: sha256:9f205456afc18445c3a038a7c1586691e89dc8dec95d389835116831cbba1e6d
    name: libXext
    evr: 1.3.6-3.fc42
    sourcerpm: libXext-1.3.6-3.fc42.src.rpm
  - url: http://mirror.rit.edu/pub/fedora/fedora/linux/releases/42/Everything/aarch64/os/Packages/l/libXmu-1.2.1-3.fc42.aarch64.rpm
    repoid: fedora
    size: 79455
    checksum: sha256:af06ea8782bc7df936e1901281f5c6ee676b519454f508046ff1a28798df0a58
    name: libXmu
    evr: 1.2.1-3.fc42
    sourcerpm: libXmu-1.2.1-3.fc42.src.rpm
  - url: http://mirror.rit.edu/pub/fedora/fedora/linux/releases/42/Everything/aarch64/os/Packages/l/libXpm-3.5.17-5.fc42.aarch64.rpm
    repoid: fedora
    size: 65115
    checksum: sha256:3a0dde38cfdf96652686d753ac23977c1790b1c1e9832a8106143b0b9241b455
    name: libXpm
    evr: 3.5.17-5.fc42
    sourcerpm: libXpm-3.5.17-5.fc42.src.rpm
  - url: http://mirror.rit.edu/pub/fedora/fedora/linux/releases/42/Everything/aarch64/os/Packages/l/libXt-1.3.1-2.fc42.aarch64.rpm
    repoid: fedora
    size: 178933
    checksum: sha256:b89dfa576a17e68e917c5ced6827d721a502644f85e3da3aba2a0a143cfa5c60
    name: libXt
    evr: 1.3.1-2.fc42
    sourcerpm: libXt-1.3.1-2.fc42.src.rpm
  - url: http://mirror.rit.edu/pub/fedora/fedora/linux/releases/42/Everything/aarch64/os/Packages/l/libfontenc-1.1.8-3.fc42.aarch64.rpm
    repoid: fedora
    size: 33351
    checksum: sha256:9b6e913ee126c9028064633e01eba90cc2031b417f95db51d413c4bf6715f2cf
    name: libfontenc
    evr: 1.1.8-3.fc42
    sourcerpm: libfontenc-1.1.8-3.fc42.src.rpm
  - url: http://mirror.rit.edu/pub/fedora/fedora/linux/releases/42/Everything/aarch64/os/Packages/l/libpng-1.6.44-2.fc42.aarch64.rpm
    repoid: fedora
    size: 120804
    checksum: sha256:7f5f82ca535f579d6f151f098615dbf065d9d6b76ae0ea94a7707930a3703fe9
    name: libpng
    evr: 2:1.6.44-2.fc42
    sourcerpm: libpng-1.6.44-2.fc42.src.rpm
  - url: http://mirror.rit.edu/pub/fedora/fedora/linux/releases/42/Everything/aarch64/os/Packages/l/libxcb-1.17.0-5.fc42.aarch64.rpm
    repoid: fedora
    size: 247490
    checksum: sha256:d38515b0edf1b5388e50f900f9d2dfbcbd9fdf42f1620d3b12c000db36856df5
    name: libxcb
    evr: 1.17.0-5.fc42
    sourcerpm: libxcb-1.17.0-5.fc42.src.rpm
  - url: http://mirror.rit.edu/pub/fedora/fedora/linux/releases/42/Everything/aarch64/os/Packages/m/mkfontscale-1.2.3-2.fc42.aarch64.rpm
    repoid: fedora
    size: 32224
    checksum: sha256:4ca696a015b19acc62fd2682d72fbd43cc774dcb10908a97c4d95527820017a9
    name: mkfontscale
    evr: 1.2.3-2.fc42
    sourcerpm: mkfontscale-1.2.3-2.fc42.src.rpm
  - url: http://mirror.rit.edu/pub/fedora/fedora/linux/releases/42/Everything/aarch64/os/Packages/n/nethack-3.6.7-7.fc42.aarch64.rpm
    repoid: fedora
    size: 2042730
    checksum: sha256:104dbe592d1b3b61809b9b41766f9bc87d7895fe19e50cc1221e2a45b99ac589
    name: nethack
    evr: 3.6.7-7.fc42
    sourcerpm: nethack-3.6.7-7.fc42.src.rpm
  - url: http://mirror.rit.edu/pub/fedora/fedora/linux/releases/42/Everything/aarch64/os/Packages/n/nethack-bitmap-fonts-3.6.7-7.fc42.noarch.rpm
    repoid: fedora
    size: 16556
    checksum: sha256:b00d52766ee726aa4a88f55ad674237297f4739fbbd3112f25725fe3b3e03c40
    name: nethack-bitmap-fonts
    evr: 3.6.7-7.fc42
    sourcerpm: nethack-3.6.7-7.fc42.src.rpm
  - url: http://mirror.rit.edu/pub/fedora/fedora/linux/releases/42/Everything/aarch64/os/Packages/n/nethack-bitmap-fonts-core-3.6.7-7.fc42.noarch.rpm
    repoid: fedora
    size: 7721
    checksum: sha256:a6fcda4c6c9cea5b8c81c43abddd53a2534479a4eac9efff82ca301b58896ce5
    name: nethack-bitmap-fonts-core
    evr: 3.6.7-7.fc42
    sourcerpm: nethack-3.6.7-7.fc42.src.rpm
  - url: http://mirror.rit.edu/pub/fedora/fedora/linux/updates/42/Everything/aarch64/Packages/f/fonts-filesystem-2.0.5-22.fc42.noarch.rpm
    repoid: updates
    size: 8935
    checksum: sha256:b92f95cceefbb76766eaf9aeeac8f7ab98d251632523635a7ed8c9fe8b610f5e
    name: fonts-filesystem
    evr: 1:2.0.5-22.fc42
    sourcerpm: fonts-rpm-macros-2.0.5-22.fc42.src.rpm
  - url: http://mirror.rit.edu/pub/fedora/fedora/linux/updates/42/Everything/aarch64/Packages/l/libX11-1.8.12-1.fc42.aarch64.rpm
    repoid: updates
    size: 660856
    checksum: sha256:98e2b375f48dcc44dcf53d6ce44bbeb2845246986e79f0602572aca2ccddee3c
    name: libX11
    evr: 1.8.12-1.fc42
    sourcerpm: libX11-1.8.12-1.fc42.src.rpm
  - url: http://mirror.rit.edu/pub/fedora/fedora/linux/updates/42/Everything/aarch64/Packages/l/libX11-common-1.8.12-1.fc42.noarch.rpm
    repoid: updates
    size: 180118
    checksum: sha256:0a7900dab9c4ed2faec3fcc1665a5e3bb830538eca2d55b37f335620a407d8fe
    name: libX11-common
    evr: 1.8.12-1.fc42
    sourcerpm: libX11-1.8.12-1.fc42.src.rpm
  source: []
  module_metadata: []
- arch: x86_64
  packages:
  - url: http://mirror.rit.edu/pub/fedora/fedora/linux/releases/42/Everything/x86_64/os/Packages/f/freetype-2.13.3-2.fc42.x86_64.rpm
    repoid: fedora
    size: 425427
    checksum: sha256:d0044fa1d4b564b02e58e628c7389397d60ef59f57b3d9fc6b9ed3ae4e546971
    name: freetype
    evr: 2.13.3-2.fc42
    sourcerpm: freetype-2.13.3-2.fc42.src.rpm
  - url: http://mirror.rit.edu/pub/fedora/fedora/linux/releases/42/Everything/x86_64/os/Packages/g/graphite2-1.3.14-18.fc42.x86_64.rpm
    repoid: fedora
    size: 98074
    checksum: sha256:2350d806b61a41246b7ad582235862ac476ea62397902a1cb3ece5d9669b9ada
    name: graphite2
    evr: 1.3.14-18.fc42
    sourcerpm: graphite2-1.3.14-18.fc42.src.rpm
  - url: http://mirror.rit.edu/pub/fedora/fedora/linux/releases/42/Everything/x86_64/os/Packages/h/harfbuzz-10.4.0-1.fc42.x86_64.rpm
    repoid: fedora
    size: 1107458
    checksum: sha256:6262d57d97262591150a8364e782e7937b5f28cb823c59ce878830c9792312ef
    name: harfbuzz
    evr: 10.4.0-1.fc42
    sourcerpm: harfbuzz-10.4.0-1.fc42.src.rpm
  - url: http://mirror.rit.edu/pub/fedora/fedora/linux/releases/42/Everything/x86_64/os/Packages/l/libICE-1.1.2-2.fc42.x86_64.rpm
    repoid: fedora
    size: 80675
    checksum: sha256:6bd9024d56d95ddac609c79e55ecdf7c3d8a726ace9ada433290a52406efa9d7
    name: libICE
    evr: 1.1.2-2.fc42
    sourcerpm: libICE-1.1.2-2.fc42.src.rpm
  - url: http://mirror.rit.edu/pub/fedora/fedora/linux/releases/42/Everything/x86_64/os/Packages/l/libSM-1.2.5-2.fc42.x86_64.rpm
    repoid: fedora
    size: 45506
    checksum: sha256:c53245ccd038eac064a30192dfcdabe45d6f4e41e199647668c277b3fa723434
    name: libSM
    evr: 1.2.5-2.fc42
    sourcerpm: libSM-1.2.5-2.fc42.src.rpm
  - url: http://mirror.rit.edu/pub/fedora/fedora/linux/releases/42/Everything/x86_64/os/Packages/l/libXau-1.0.12-2.fc42.x86_64.rpm
    repoid: fedora
    size: 34396
    checksum: sha256:9bea424b9fc60643ccbf49626bef550a26ad8fff377f63ecd795d74ddb5e205d
    name: libXau
    evr: 1.0.12-2.fc42
    sourcerpm: libXau-1.0.12-2.fc42.src.rpm
  - url: http://mirror.rit.edu/pub/fedora/fedora/linux/releases/42/Everything/x86_64/os/Packages/l/libXaw-1.0.16-3.fc42.x86_64.rpm
    repoid: fedora
    size: 207154
    checksum: sha256:1c034a81b0905f01db20ca66e242eb914ab498cd1345dec4b1c0458b81744a30
    name: libXaw
    evr: 1.0.16-3.fc42
    sourcerpm: libXaw-1.0.16-3.fc42.src.rpm
  - url: http://mirror.rit.edu/pub/fedora/fedora/linux/releases/42/Everything/x86_64/os/Packages/l/libXext-1.3.6-3.fc42.x86_64.rpm
    repoid: fedora
    size: 40218
    checksum: sha256:1e8482bba9469f85958fc3187332c6ab7024584dcdd666d31589a59d0015d06d
    name: libXext
    evr: 1.3.6-3.fc42
    sourcerpm: libXext-1.3.6-3.fc42.src.rpm
  - url: http://mirror.rit.edu/pub/fedora/fedora/linux/releases/42/Everything/x86_64/os/Packages/l/libXmu-1.2.1-3.fc42.x86_64.rpm
    repoid: fedora
    size: 80578
    checksum: sha256:7a959eb3c2683ab29d202dbcc534259b95ac830e8723b4149a3fc55b9d1241d9
    name: libXmu
    evr: 1.2.1-3.fc42
    sourcerpm: libXmu-1.2.1-3.fc42.src.rpm
  - url: http://mirror.rit.edu/pub/fedora/fedora/linux/releases/42/Everything/x86_64/os/Packages/l/libXpm-3.5.17-5.fc42.x86_64.rpm
    repoid: fedora
    size: 67669
    checksum: sha256:7cf552046b7bd0c9c57b44ece77805e5e4b925cb1380db28fc576955b7c1e626
    name: libXpm
    evr: 3.5.17-5.fc42
    sourcerpm: libXpm-3.5.17-5.fc42.src.rpm
  - url: http://mirror.rit.edu/pub/fedora/fedora/linux/releases/42/Everything/x86_64/os/Packages/l/libXt-1.3.1-2.fc42.x86_64.rpm
    repoid: fedora
    size: 185646
    checksum: sha256:a544b321a584f1a361ee8626c125c66a3ac7de2b395886376e10e3d4e2c8e169
    name: libXt
    evr: 1.3.1-2.fc42
    sourcerpm: libXt-1.3.1-2.fc42.src.rpm
  - url: http://mirror.rit.edu/pub/fedora/fedora/linux/releases/42/Everything/x86_64/os/Packages/l/libfontenc-1.1.8-3.fc42.x86_64.rpm
    repoid: fedora
    size: 33185
    checksum: sha256:b7d792c049b4be2f7e05d4b7448f2c584c115dad68995166c7ce0dfcf03a9055
    name: libfontenc
    evr: 1.1.8-3.fc42
    sourcerpm: libfontenc-1.1.8-3.fc42.src.rpm
  - url: http://mirror.rit.edu/pub/fedora/fedora/linux/releases/42/Everything/x86_64/os/Packages/l/libpng-1.6.44-2.fc42.x86_64.rpm
    repoid: fedora
    size: 126863
    checksum: sha256:14838086e8c1b3f1fdc3d3419432e11db97414e1743b6890b1e56cfdce2bc629
    name: libpng
    evr: 2:1.6.44-2.fc42
    sourcerpm: libpng-1.6.44-2.fc42.src.rpm
  - url: http://mirror.rit.edu/pub/fedora/fedora/linux/releases/42/Everything/x86_64/os/Packages/l/libxcb-1.17.0-5.fc42.x86_64.rpm
    repoid: fedora
    size: 244725
    checksum: sha256:fd206cf86192e3559ba8cb27e5095a2f8974a4739b485901290b6564bf2caf1f
    name: libxcb
    evr: 1.17.0-5.fc42
    sourcerpm: libxcb-1.17.0-5.fc42.src.rpm
  - url: http://mirror.rit.edu/pub/fedora/fedora/linux/releases/42/Everything/x86_64/os/Packages/m/mkfontscale-1.2.3-2.fc42.x86_64.rpm
    repoid: fedora
    size: 32409
    checksum: sha256:513904fe9bd70c1a353d4cb280914af42c1a84e85fea9e8631d6a7c309c56d93
    name: mkfontscale
    evr: 1.2.3-2.fc42
    sourcerpm: mkfontscale-1.2.3-2.fc42.src.rpm
  - url: http://mirror.rit.edu/pub/fedora/fedora/linux/releases/42/Everything/x86_64/os/Packages/n/nethack-3.6.7-7.fc42.x86_64.rpm
    repoid: fedora
    size: 2115880
    checksum: sha256:a68eb98dc63b0499f332e8827bb3a49810e9f00cb67d8fc7be6374d6114476a9
    name: nethack
    evr: 3.6.7-7.fc42
    sourcerpm: nethack-3.6.7-7.fc42.src.rpm
  - url: http://mirror.rit.edu/pub/fedora/fedora/linux/releases/42/Everything/x86_64/os/Packages/n/nethack-bitmap-fonts-3.6.7-7.fc42.noarch.rpm
    repoid: fedora
    size: 16556
    checksum: sha256:b00d52766ee726aa4a88f55ad674237297f4739fbbd3112f25725fe3b3e03c40
    name: nethack-bitmap-fonts
    evr: 3.6.7-7.fc42
    sourcerpm: nethack-3.6.7-7.fc42.src.rpm
  - url: http://mirror.rit.edu/pub/fedora/fedora/linux/releases/42/Everything/x86_64/os/Packages/n/nethack-bitmap-fonts-core-3.6.7-7.fc42.noarch.rpm
    repoid: fedora
    size: 7721
    checksum: sha256:a6fcda4c6c9cea5b8c81c43abddd53a2534479a4eac9efff82ca301b58896ce5
    name: nethack-bitmap-fonts-core
    evr: 3.6.7-7.fc42
    sourcerpm: nethack-3.6.7-7.fc42.src.rpm
  - url: http://mirror.rit.edu/pub/fedora/fedora/linux/updates/42/Everything/x86_64/Packages/f/fonts-filesystem-2.0.5-22.fc42.noarch.rpm
    repoid: updates
    size: 8935
    checksum: sha256:b92f95cceefbb76766eaf9aeeac8f7ab98d251632523635a7ed8c9fe8b610f5e
    name: fonts-filesystem
    evr: 1:2.0.5-22.fc42
    sourcerpm: fonts-rpm-macros-2.0.5-22.fc42.src.rpm
  - url: http://mirror.rit.edu/pub/fedora/fedora/linux/updates/42/Everything/x86_64/Packages/l/libX11-1.8.12-1.fc42.x86_64.rpm
    repoid: updates
    size: 671113
    checksum: sha256:a7bfe940edd316567cb7607cdbd655193705308afacef1d9c729ccba38abda93
    name: libX11
    evr: 1.8.12-1.fc42
    sourcerpm: libX11-1.8.12-1.fc42.src.rpm
  - url: http://mirror.rit.edu/pub/fedora/fedora/linux/updates/42/Everything/x86_64/Packages/l/libX11-common-1.8.12-1.fc42.noarch.rpm
    repoid: updates
    size: 180118
    checksum: sha256:0a7900dab9c4ed2faec3fcc1665a5e3bb830538eca2d55b37f335620a407d8fe
    name: libX11-common
    evr: 1.8.12-1.fc42
    sourcerpm: libX11-1.8.12-1.fc42.src.rpm
  source: []
  module_metadata: []
