---
lockfileVersion: 1
lockfileVendor: redhat
arches:
- arch: aarch64
  packages:
  - url: http://mirror.rit.edu/pub/fedora/fedora/linux/releases/41/Everything/aarch64/os/Packages/f/fonts-filesystem-2.0.5-17.fc41.noarch.rpm
    repoid: fedora
    size: 8687
    checksum: sha256:f0cb08cd63a2394cb863cdc2ec86f1bf1211076b5fadd7a239a3166309208c67
    name: fonts-filesystem
    evr: 1:2.0.5-17.fc41
    sourcerpm: fonts-rpm-macros-2.0.5-17.fc41.src.rpm
  - url: http://mirror.rit.edu/pub/fedora/fedora/linux/releases/41/Everything/aarch64/os/Packages/f/freetype-2.13.3-1.fc41.aarch64.rpm
    repoid: fedora
    size: 410568
    checksum: sha256:dc1ab820d975e7e67a8052cb3334435dde6c58b7fe6648ded5f0681c3e53bd6b
    name: freetype
    evr: 2.13.3-1.fc41
    sourcerpm: freetype-2.13.3-1.fc41.src.rpm
  - url: http://mirror.rit.edu/pub/fedora/fedora/linux/releases/41/Everything/aarch64/os/Packages/g/graphite2-1.3.14-16.fc41.aarch64.rpm
    repoid: fedora
    size: 93867
    checksum: sha256:9e11a301f78686a688f23b95871574fc15d060182b99be2ffe1b6dd5bd9afb33
    name: graphite2
    evr: 1.3.14-16.fc41
    sourcerpm: graphite2-1.3.14-16.fc41.src.rpm
  - url: http://mirror.rit.edu/pub/fedora/fedora/linux/releases/41/Everything/aarch64/os/Packages/h/harfbuzz-9.0.0-3.fc41.aarch64.rpm
    repoid: fedora
    size: 1054597
    checksum: sha256:ff65bdba2d36277b7cc9d4f8f0930ece7497d387402d1d56fc4531cdd75fd1c9
    name: harfbuzz
    evr: 9.0.0-3.fc41
    sourcerpm: harfbuzz-9.0.0-3.fc41.src.rpm
  - url: http://mirror.rit.edu/pub/fedora/fedora/linux/releases/41/Everything/aarch64/os/Packages/l/libXau-1.0.11-7.fc41.aarch64.rpm
    repoid: fedora
    size: 33142
    checksum: sha256:ec350117aa1e24ec6c02abdb37861fd892ea38ed0dd1c792a2a127854324b5d7
    name: libXau
    evr: 1.0.11-7.fc41
    sourcerpm: libXau-1.0.11-7.fc41.src.rpm
  - url: http://mirror.rit.edu/pub/fedora/fedora/linux/releases/41/Everything/aarch64/os/Packages/l/libXaw-1.0.16-2.fc41.aarch64.rpm
    repoid: fedora
    size: 204130
    checksum: sha256:0a1008593a9c08ae542f157dd08cfe32d38e5a0f2d3d12fd8f1f70a72513e2dc
    name: libXaw
    evr: 1.0.16-2.fc41
    sourcerpm: libXaw-1.0.16-2.fc41.src.rpm
  - url: http://mirror.rit.edu/pub/fedora/fedora/linux/releases/41/Everything/aarch64/os/Packages/l/libXext-1.3.6-2.fc41.aarch64.rpm
    repoid: fedora
    size: 39726
    checksum: sha256:980d6d7c62ddcf3a14ccbf24ed22d8114524da8ecf1b2df0e09abf8740579a1c
    name: libXext
    evr: 1.3.6-2.fc41
    sourcerpm: libXext-1.3.6-2.fc41.src.rpm
  - url: http://mirror.rit.edu/pub/fedora/fedora/linux/releases/41/Everything/aarch64/os/Packages/l/libXmu-1.2.1-2.fc41.aarch64.rpm
    repoid: fedora
    size: 79603
    checksum: sha256:d28ea77de61d3189b4ccff2919026b38948476db464d4ef023e74adcc60937ac
    name: libXmu
    evr: 1.2.1-2.fc41
    sourcerpm: libXmu-1.2.1-2.fc41.src.rpm
  - url: http://mirror.rit.edu/pub/fedora/fedora/linux/releases/41/Everything/aarch64/os/Packages/l/libXpm-3.5.17-4.fc41.aarch64.rpm
    repoid: fedora
    size: 65889
    checksum: sha256:b47c2f034b068a2feb612c3b5adb241dcd5cdcde18782684e93752a93e5fbb80
    name: libXpm
    evr: 3.5.17-4.fc41
    sourcerpm: libXpm-3.5.17-4.fc41.src.rpm
  - url: http://mirror.rit.edu/pub/fedora/fedora/linux/releases/41/Everything/aarch64/os/Packages/l/libfontenc-1.1.8-2.fc41.aarch64.rpm
    repoid: fedora
    size: 33630
    checksum: sha256:aab78ad10cd652fe96287498a5430126de9a6dd31ace99e12641b3db97ef330b
    name: libfontenc
    evr: 1.1.8-2.fc41
    sourcerpm: libfontenc-1.1.8-2.fc41.src.rpm
  - url: http://mirror.rit.edu/pub/fedora/fedora/linux/releases/41/Everything/aarch64/os/Packages/l/libpng-1.6.40-4.fc41.aarch64.rpm
    repoid: fedora
    size: 119078
    checksum: sha256:759d155768d6cc425a210eabd7bc16a95e99433aaf11537e8a24bb301263991c
    name: libpng
    evr: 2:1.6.40-4.fc41
    sourcerpm: libpng-1.6.40-4.fc41.src.rpm
  - url: http://mirror.rit.edu/pub/fedora/fedora/linux/releases/41/Everything/aarch64/os/Packages/l/libxcb-1.17.0-3.fc41.aarch64.rpm
    repoid: fedora
    size: 254132
    checksum: sha256:dbeb0914a57bdb9ff085b493c4f1f6709d615dd39c1e0b633e6ea0d6c8045c88
    name: libxcb
    evr: 1.17.0-3.fc41
    sourcerpm: libxcb-1.17.0-3.fc41.src.rpm
  - url: http://mirror.rit.edu/pub/fedora/fedora/linux/releases/41/Everything/aarch64/os/Packages/m/mkfontscale-1.2.3-1.fc41.aarch64.rpm
    repoid: fedora
    size: 32428
    checksum: sha256:f2a7bd364dfebb90f8a710d607f09e83c2faa6b4fcc9f303ab65a980b8452a34
    name: mkfontscale
    evr: 1.2.3-1.fc41
    sourcerpm: mkfontscale-1.2.3-1.fc41.src.rpm
  - url: http://mirror.rit.edu/pub/fedora/fedora/linux/releases/41/Everything/aarch64/os/Packages/n/nethack-3.6.7-5.fc41.aarch64.rpm
    repoid: fedora
    size: 2047185
    checksum: sha256:8ed8311c56ac197b907da44148fd71819308e0ca77ad57a2da84c447038b2d55
    name: nethack
    evr: 3.6.7-5.fc41
    sourcerpm: nethack-3.6.7-5.fc41.src.rpm
  - url: http://mirror.rit.edu/pub/fedora/fedora/linux/releases/41/Everything/aarch64/os/Packages/n/nethack-bitmap-fonts-3.6.7-5.fc41.noarch.rpm
    repoid: fedora
    size: 16658
    checksum: sha256:dfa6e56551033e6a85d91c43162f61ba3bb02e8f6f4d23232ac59dd8e0c76410
    name: nethack-bitmap-fonts
    evr: 3.6.7-5.fc41
    sourcerpm: nethack-3.6.7-5.fc41.src.rpm
  - url: http://mirror.rit.edu/pub/fedora/fedora/linux/releases/41/Everything/aarch64/os/Packages/n/nethack-bitmap-fonts-core-3.6.7-5.fc41.noarch.rpm
    repoid: fedora
    size: 7829
    checksum: sha256:fa2da6eec04b78a9e29b4c5a191e764a77fa44588b29cdf7c22f4677bd74edc5
    name: nethack-bitmap-fonts-core
    evr: 3.6.7-5.fc41
    sourcerpm: nethack-3.6.7-5.fc41.src.rpm
  - url: http://mirror.rit.edu/pub/fedora/fedora/linux/updates/41/Everything/aarch64/Packages/l/libICE-1.1.2-1.fc41.aarch64.rpm
    repoid: updates
    size: 75451
    checksum: sha256:7c9ca4da07b15665f7bbd017653693c14041c308394cc5aab75a2ee92acd78e9
    name: libICE
    evr: 1.1.2-1.fc41
    sourcerpm: libICE-1.1.2-1.fc41.src.rpm
  - url: http://mirror.rit.edu/pub/fedora/fedora/linux/updates/41/Everything/aarch64/Packages/l/libSM-1.2.5-1.fc41.aarch64.rpm
    repoid: updates
    size: 43685
    checksum: sha256:c25ee700acb8dfa4d4fd9f7324e52fef675e51c3839f40da36e11e631053f217
    name: libSM
    evr: 1.2.5-1.fc41
    sourcerpm: libSM-1.2.5-1.fc41.src.rpm
  - url: http://mirror.rit.edu/pub/fedora/fedora/linux/updates/41/Everything/aarch64/Packages/l/libX11-1.8.11-1.fc41.aarch64.rpm
    repoid: updates
    size: 659034
    checksum: sha256:fd0c2b7ffce7434eb09e30085638724ec3ace707c8f53c908a8f7f63b8e9a217
    name: libX11
    evr: 1.8.11-1.fc41
    sourcerpm: libX11-1.8.11-1.fc41.src.rpm
  - url: http://mirror.rit.edu/pub/fedora/fedora/linux/updates/41/Everything/aarch64/Packages/l/libX11-common-1.8.11-1.fc41.noarch.rpm
    repoid: updates
    size: 180376
    checksum: sha256:747c7000c7e0c9025dc55a963a97616cf18c461f4a131e4048b89010fd83fda9
    name: libX11-common
    evr: 1.8.11-1.fc41
    sourcerpm: libX11-1.8.11-1.fc41.src.rpm
  - url: http://mirror.rit.edu/pub/fedora/fedora/linux/updates/41/Everything/aarch64/Packages/l/libXt-1.3.1-1.fc41.aarch64.rpm
    repoid: updates
    size: 179097
    checksum: sha256:9b3d7d5bcef4006aebfd4e1c18671f2602bf9744bf4cc2b1be0c2da86ca296de
    name: libXt
    evr: 1.3.1-1.fc41
    sourcerpm: libXt-1.3.1-1.fc41.src.rpm
  source: []
  module_metadata: []
- arch: x86_64
  packages:
  - url: http://mirror.rit.edu/pub/fedora/fedora/linux/releases/41/Everything/x86_64/os/Packages/f/fonts-filesystem-2.0.5-17.fc41.noarch.rpm
    repoid: fedora
    size: 8687
    checksum: sha256:f0cb08cd63a2394cb863cdc2ec86f1bf1211076b5fadd7a239a3166309208c67
    name: fonts-filesystem
    evr: 1:2.0.5-17.fc41
    sourcerpm: fonts-rpm-macros-2.0.5-17.fc41.src.rpm
  - url: http://mirror.rit.edu/pub/fedora/fedora/linux/releases/41/Everything/x86_64/os/Packages/f/freetype-2.13.3-1.fc41.x86_64.rpm
    repoid: fedora
    size: 419069
    checksum: sha256:6e405ca44cb005abce125b8324a8cce958c7a8023a0cafc07dab5e7b667fb744
    name: freetype
    evr: 2.13.3-1.fc41
    sourcerpm: freetype-2.13.3-1.fc41.src.rpm
  - url: http://mirror.rit.edu/pub/fedora/fedora/linux/releases/41/Everything/x86_64/os/Packages/g/graphite2-1.3.14-16.fc41.x86_64.rpm
    repoid: fedora
    size: 97417
    checksum: sha256:e36dcc326e0a1a4ef1341b391dc90846956534072d4290fbc870ab638574a4ef
    name: graphite2
    evr: 1.3.14-16.fc41
    sourcerpm: graphite2-1.3.14-16.fc41.src.rpm
  - url: http://mirror.rit.edu/pub/fedora/fedora/linux/releases/41/Everything/x86_64/os/Packages/h/harfbuzz-9.0.0-3.fc41.x86_64.rpm
    repoid: fedora
    size: 1055044
    checksum: sha256:a1fb2695abf76242657d30a91c8847212b3cf32c1a8e42c556138c5b4f3ddce9
    name: harfbuzz
    evr: 9.0.0-3.fc41
    sourcerpm: harfbuzz-9.0.0-3.fc41.src.rpm
  - url: http://mirror.rit.edu/pub/fedora/fedora/linux/releases/41/Everything/x86_64/os/Packages/l/libXau-1.0.11-7.fc41.x86_64.rpm
    repoid: fedora
    size: 32654
    checksum: sha256:34b10b4c711acee3d3854532b9ec7bc1a46d1994d0baeea6a2e291557ea1f31c
    name: libXau
    evr: 1.0.11-7.fc41
    sourcerpm: libXau-1.0.11-7.fc41.src.rpm
  - url: http://mirror.rit.edu/pub/fedora/fedora/linux/releases/41/Everything/x86_64/os/Packages/l/libXaw-1.0.16-2.fc41.x86_64.rpm
    repoid: fedora
    size: 207478
    checksum: sha256:db7b725550d7a5c1deaa6f3c18977672d393b2253fc126385683969eae7fc4a6
    name: libXaw
    evr: 1.0.16-2.fc41
    sourcerpm: libXaw-1.0.16-2.fc41.src.rpm
  - url: http://mirror.rit.edu/pub/fedora/fedora/linux/releases/41/Everything/x86_64/os/Packages/l/libXext-1.3.6-2.fc41.x86_64.rpm
    repoid: fedora
    size: 40016
    checksum: sha256:1e4da0279c8bdf58748e065d43b94e9472d7619e50d128455de74d91d60788e8
    name: libXext
    evr: 1.3.6-2.fc41
    sourcerpm: libXext-1.3.6-2.fc41.src.rpm
  - url: http://mirror.rit.edu/pub/fedora/fedora/linux/releases/41/Everything/x86_64/os/Packages/l/libXmu-1.2.1-2.fc41.x86_64.rpm
    repoid: fedora
    size: 79904
    checksum: sha256:ccdf68d5ca5b95e00ca8a7fee107f941cdadcf1fc4832b8d02fed3d36792018b
    name: libXmu
    evr: 1.2.1-2.fc41
    sourcerpm: libXmu-1.2.1-2.fc41.src.rpm
  - url: http://mirror.rit.edu/pub/fedora/fedora/linux/releases/41/Everything/x86_64/os/Packages/l/libXpm-3.5.17-4.fc41.x86_64.rpm
    repoid: fedora
    size: 67583
    checksum: sha256:aea20573f422d2ff9f81ac7a2492c236c0f5b9f6e381b9ea425840f5aebdd0d8
    name: libXpm
    evr: 3.5.17-4.fc41
    sourcerpm: libXpm-3.5.17-4.fc41.src.rpm
  - url: http://mirror.rit.edu/pub/fedora/fedora/linux/releases/41/Everything/x86_64/os/Packages/l/libfontenc-1.1.8-2.fc41.x86_64.rpm
    repoid: fedora
    size: 33361
    checksum: sha256:72ab45247fc3f16d2c5f8a59f4c92a54c9e2fa63c0bf96f3b78d59e975a9100d
    name: libfontenc
    evr: 1.1.8-2.fc41
    sourcerpm: libfontenc-1.1.8-2.fc41.src.rpm
  - url: http://mirror.rit.edu/pub/fedora/fedora/linux/releases/41/Everything/x86_64/os/Packages/l/libpng-1.6.40-4.fc41.x86_64.rpm
    repoid: fedora
    size: 123178
    checksum: sha256:43fedc359eea08f4c72440e81a62dfce9a477ad0fd8fedeebd8956670534551d
    name: libpng
    evr: 2:1.6.40-4.fc41
    sourcerpm: libpng-1.6.40-4.fc41.src.rpm
  - url: http://mirror.rit.edu/pub/fedora/fedora/linux/releases/41/Everything/x86_64/os/Packages/l/libxcb-1.17.0-3.fc41.x86_64.rpm
    repoid: fedora
    size: 246437
    checksum: sha256:9a08a08b8df01c5718da8999950067b8c0697cefba7390340b085de166879507
    name: libxcb
    evr: 1.17.0-3.fc41
    sourcerpm: libxcb-1.17.0-3.fc41.src.rpm
  - url: http://mirror.rit.edu/pub/fedora/fedora/linux/releases/41/Everything/x86_64/os/Packages/m/mkfontscale-1.2.3-1.fc41.x86_64.rpm
    repoid: fedora
    size: 32648
    checksum: sha256:97ab137ca1951c62c2b94afa0c4fe5d8a03f05d5bca26c771b8875ceb019dc32
    name: mkfontscale
    evr: 1.2.3-1.fc41
    sourcerpm: mkfontscale-1.2.3-1.fc41.src.rpm
  - url: http://mirror.rit.edu/pub/fedora/fedora/linux/releases/41/Everything/x86_64/os/Packages/n/nethack-3.6.7-5.fc41.x86_64.rpm
    repoid: fedora
    size: 2086879
    checksum: sha256:51e019e366d5285953e36af5dfd840b69bbc5bcc6c994a865fbbb36dfb2b83fe
    name: nethack
    evr: 3.6.7-5.fc41
    sourcerpm: nethack-3.6.7-5.fc41.src.rpm
  - url: http://mirror.rit.edu/pub/fedora/fedora/linux/releases/41/Everything/x86_64/os/Packages/n/nethack-bitmap-fonts-3.6.7-5.fc41.noarch.rpm
    repoid: fedora
    size: 16658
    checksum: sha256:dfa6e56551033e6a85d91c43162f61ba3bb02e8f6f4d23232ac59dd8e0c76410
    name: nethack-bitmap-fonts
    evr: 3.6.7-5.fc41
    sourcerpm: nethack-3.6.7-5.fc41.src.rpm
  - url: http://mirror.rit.edu/pub/fedora/fedora/linux/releases/41/Everything/x86_64/os/Packages/n/nethack-bitmap-fonts-core-3.6.7-5.fc41.noarch.rpm
    repoid: fedora
    size: 7829
    checksum: sha256:fa2da6eec04b78a9e29b4c5a191e764a77fa44588b29cdf7c22f4677bd74edc5
    name: nethack-bitmap-fonts-core
    evr: 3.6.7-5.fc41
    sourcerpm: nethack-3.6.7-5.fc41.src.rpm
  - url: http://mirror.rit.edu/pub/fedora/fedora/linux/updates/41/Everything/x86_64/Packages/l/libICE-1.1.2-1.fc41.x86_64.rpm
    repoid: updates
    size: 77104
    checksum: sha256:a4a9ecb96857e3e39b78511732711be87e44a6279ba4ace378c293cb1a2c74fa
    name: libICE
    evr: 1.1.2-1.fc41
    sourcerpm: libICE-1.1.2-1.fc41.src.rpm
  - url: http://mirror.rit.edu/pub/fedora/fedora/linux/updates/41/Everything/x86_64/Packages/l/libSM-1.2.5-1.fc41.x86_64.rpm
    repoid: updates
    size: 43367
    checksum: sha256:e9c454623e815fb5b2f41f8f6ec5c1ff0ce11df5175a158122dd940b9542517a
    name: libSM
    evr: 1.2.5-1.fc41
    sourcerpm: libSM-1.2.5-1.fc41.src.rpm
  - url: http://mirror.rit.edu/pub/fedora/fedora/linux/updates/41/Everything/x86_64/Packages/l/libX11-1.8.11-1.fc41.x86_64.rpm
    repoid: updates
    size: 665880
    checksum: sha256:e6192e0d5c4a54fb1de728fd777bc44199187868756097c24c24e3c72a768297
    name: libX11
    evr: 1.8.11-1.fc41
    sourcerpm: libX11-1.8.11-1.fc41.src.rpm
  - url: http://mirror.rit.edu/pub/fedora/fedora/linux/updates/41/Everything/x86_64/Packages/l/libX11-common-1.8.11-1.fc41.noarch.rpm
    repoid: updates
    size: 180376
    checksum: sha256:747c7000c7e0c9025dc55a963a97616cf18c461f4a131e4048b89010fd83fda9
    name: libX11-common
    evr: 1.8.11-1.fc41
    sourcerpm: libX11-1.8.11-1.fc41.src.rpm
  - url: http://mirror.rit.edu/pub/fedora/fedora/linux/updates/41/Everything/x86_64/Packages/l/libXt-1.3.1-1.fc41.x86_64.rpm
    repoid: updates
    size: 181764
    checksum: sha256:58aba05aa92ca64fcfefb6b8352e40cb3abba62a32b7f0ecbff9f7d328a71ddf
    name: libXt
    evr: 1.3.1-1.fc41
    sourcerpm: libXt-1.3.1-1.fc41.src.rpm
  source: []
  module_metadata: []
